{
  "nodes": {
    "nixpkgs": {
      "locked": {
        "lastModified": 1714611495,
        "narHash": "sha256-aVrLwSjmx8DCzZikc3ss1LFAG4yLt5oTk5KXgn3Tmnw=",
        "owner": "nixos",
        "repo": "nixpkgs",
        "rev": "b8e911463ec39614240a5164030090e22a785c02",
        "type": "github"
      },
      "original": {
        "owner": "nixos",
        "repo": "nixpkgs",
        "type": "github"
      }
    },
    "root": {
      "inputs": {
        "nixpkgs": "nixpkgs"
      }
    }
  },
  "root": "root",
  "version": 7
}
